
Microsoft Visual Studio Solution File, Format Version 12.00
# Visual Studio Version 17
VisualStudioVersion = 17.5.33502.453
MinimumVisualStudioVersion = 10.0.40219.1
Project("{FAE04EC0-301F-11D3-BF4B-00C04F79EFBC}") = "3SemEksamenReference", "3SemEksamenReference\3SemEksamenReference.csproj", "{E87E629E-932F-46C9-B30F-4A5591273C12}"
EndProject
Project("{FAE04EC0-301F-11D3-BF4B-00C04F79EFBC}") = "3SemEksamenReferenceTests", "3SemEksamenReferenceTests\3SemEksamenReferenceTests.csproj", "{6AE14CAD-6448-4F91-A2D2-057D12F8F306}"
EndProject
Global
	GlobalSection(SolutionConfigurationPlatforms) = preSolution
		Debug|Any CPU = Debug|Any CPU
		Release|Any CPU = Release|Any CPU
	EndGlobalSection
	GlobalSection(ProjectConfigurationPlatforms) = postSolution
		{E87E629E-932F-46C9-B30F-4A5591273C12}.Debug|Any CPU.ActiveCfg = Debug|Any CPU
		{E87E629E-932F-46C9-B30F-4A5591273C12}.Debug|Any CPU.Build.0 = Debug|Any CPU
		{E87E629E-932F-46C9-B30F-4A5591273C12}.Release|Any CPU.ActiveCfg = Release|Any CPU
		{E87E629E-932F-46C9-B30F-4A5591273C12}.Release|Any CPU.Build.0 = Release|Any CPU
		{6AE14CAD-6448-4F91-A2D2-057D12F8F306}.Debug|Any CPU.ActiveCfg = Debug|Any CPU
		{6AE14CAD-6448-4F91-A2D2-057D12F8F306}.Debug|Any CPU.Build.0 = Debug|Any CPU
		{6AE14CAD-6448-4F91-A2D2-057D12F8F306}.Release|Any CPU.ActiveCfg = Release|Any CPU
		{6AE14CAD-6448-4F91-A2D2-057D12F8F306}.Release|Any CPU.Build.0 = Release|Any CPU
	EndGlobalSection
	GlobalSection(SolutionProperties) = preSolution
		HideSolutionNode = FALSE
	EndGlobalSection
	GlobalSection(ExtensibilityGlobals) = postSolution
		SolutionGuid = {9E298D93-7F63-405A-9EED-8D4882EF5C5F}
	EndGlobalSection
EndGlobal
